PODS:
  - NDAutolayoutUtils (0.0.5):
    - NDLog (~> 0.0.5)
    - NDUtils/Foundation (~> 0.0.4)
  - NDLog (0.0.5)
  - NDUtils/Core (0.0.4)
  - NDUtils/Foundation (0.0.4):
    - NDLog (~> 0.0.5)
    - NDUtils/Core

DEPENDENCIES:
  - NDAutolayoutUtils (from `../NDAutolayoutUtils`)
  - NDLog (from `../NDLog`)
  - NDUtils/Foundation (from `../NDUtils`)

EXTERNAL SOURCES:
  NDAutolayoutUtils:
    :path: "../NDAutolayoutUtils"
  NDLog:
    :path: "../NDLog"
  NDUtils:
    :path: "../NDUtils"

SPEC CHECKSUMS:
  NDAutolayoutUtils: f8c33d41b4bba1e0e44309ee82f8b1906c5f0b9f
  NDLog: 2d478a5bc74f17ee56fea08adb6dacdaa36a07e6
  NDUtils: e44d6272ae161c0a03689d1b8b4359a82ba716ef

PODFILE CHECKSUM: 5bcf3cbabf62e2f1b14c6d1605730b290b95a5d7

COCOAPODS: 1.9.3
