PODS:
  - NDAutolayoutUtils (0.0.5):
    - NDLog (~> 0.0.4)
    - NDUtils (~> 0.0.4)
  - NDLog (0.0.4)
  - NDUtils (0.0.4):
    - NDLog (~> 0.0.4)

DEPENDENCIES:
  - NDAutolayoutUtils (from `../NDAutolayoutUtils`)
  - NDLog (from `../NDLog`)
  - NDUtils (from `../NDUtils`)

EXTERNAL SOURCES:
  NDAutolayoutUtils:
    :path: "../NDAutolayoutUtils"
  NDLog:
    :path: "../NDLog"
  NDUtils:
    :path: "../NDUtils"

SPEC CHECKSUMS:
  NDAutolayoutUtils: 12188721fb8c27332df9aa65ecd1b974254faf2c
  NDLog: f84c4c42520a954db34fa487d88a9bcc2ee0100b
  NDUtils: 32f9200027bfcca07408bee77fdaad1711422b1f

PODFILE CHECKSUM: d20f7b8e4f3759003222591ca7a92dcff7cc3fdb

COCOAPODS: 1.9.1
